
Microsoft Visual Studio Solution File, Format Version 12.00
# Visual Studio Version 17
VisualStudioVersion = 17.14.36915.13 d17.14
MinimumVisualStudioVersion = 10.0.40219.1
Project("{FAE04EC0-301F-11D3-BF4B-00C04F79EFBC}") = "CybersecurityChatbot.Models", "CybersecurityChatbot.Models.csproj", "{B9610894-C379-4740-BD3E-BDED451E7D72}"
EndProject
Global
	GlobalSection(SolutionConfigurationPlatforms) = preSolution
		Debug|Any CPU = Debug|Any CPU
		Release|Any CPU = Release|Any CPU
	EndGlobalSection
	GlobalSection(ProjectConfigurationPlatforms) = postSolution
		{B9610894-C379-4740-BD3E-BDED451E7D72}.Debug|Any CPU.ActiveCfg = Debug|Any CPU
		{B9610894-C379-4740-BD3E-BDED451E7D72}.Debug|Any CPU.Build.0 = Debug|Any CPU
		{B9610894-C379-4740-BD3E-BDED451E7D72}.Release|Any CPU.ActiveCfg = Release|Any CPU
		{B9610894-C379-4740-BD3E-BDED451E7D72}.Release|Any CPU.Build.0 = Release|Any CPU
	EndGlobalSection
	GlobalSection(SolutionProperties) = preSolution
		HideSolutionNode = FALSE
	EndGlobalSection
	GlobalSection(ExtensibilityGlobals) = postSolution
		SolutionGuid = {9244D080-208F-47C1-A72F-4C4D8CB1C746}
	EndGlobalSection
EndGlobal
